
Microsoft Visual Studio Solution File, Format Version 12.00
# Visual Studio Version 16
VisualStudioVersion = 16.0.29020.237
MinimumVisualStudioVersion = 10.0.40219.1
Project("{9A19103F-16F7-4668-BE54-9A1E7A4F7556}") = "csharpcore", "csharpcore.csproj", "{057CCDB8-F849-4BB0-AE56-B439C6D74508}"
EndProject
Global
	GlobalSection(SolutionConfigurationPlatforms) = preSolution
		Debug|Any CPU = Debug|Any CPU
		Release|Any CPU = Release|Any CPU
	EndGlobalSection
	GlobalSection(ProjectConfigurationPlatforms) = postSolution
		{057CCDB8-F849-4BB0-AE56-B439C6D74508}.Debug|Any CPU.ActiveCfg = Debug|Any CPU
		{057CCDB8-F849-4BB0-AE56-B439C6D74508}.Debug|Any CPU.Build.0 = Debug|Any CPU
		{057CCDB8-F849-4BB0-AE56-B439C6D74508}.Release|Any CPU.ActiveCfg = Release|Any CPU
		{057CCDB8-F849-4BB0-AE56-B439C6D74508}.Release|Any CPU.Build.0 = Release|Any CPU
	EndGlobalSection
	GlobalSection(SolutionProperties) = preSolution
		HideSolutionNode = FALSE
	EndGlobalSection
	GlobalSection(ExtensibilityGlobals) = postSolution
		SolutionGuid = {9C56262E-A2EF-4B1B-BBBD-E393C4D058BC}
	EndGlobalSection
EndGlobal
